
Microsoft Visual Studio Solution File, Format Version 12.00
# Visual Studio Version 17
VisualStudioVersion = 17.14.36616.10 d17.14
MinimumVisualStudioVersion = 10.0.40219.1
Project("{FAE04EC0-301F-11D3-BF4B-00C04F79EFBC}") = "Project_A", "Project_A.csproj", "{2F1F7FF8-C5E2-4B6F-8C7B-45C9FA33672B}"
EndProject
Global
	GlobalSection(SolutionConfigurationPlatforms) = preSolution
		Debug|Any CPU = Debug|Any CPU
		Release|Any CPU = Release|Any CPU
	EndGlobalSection
	GlobalSection(ProjectConfigurationPlatforms) = postSolution
		{2F1F7FF8-C5E2-4B6F-8C7B-45C9FA33672B}.Debug|Any CPU.ActiveCfg = Debug|Any CPU
		{2F1F7FF8-C5E2-4B6F-8C7B-45C9FA33672B}.Debug|Any CPU.Build.0 = Debug|Any CPU
		{2F1F7FF8-C5E2-4B6F-8C7B-45C9FA33672B}.Release|Any CPU.ActiveCfg = Release|Any CPU
		{2F1F7FF8-C5E2-4B6F-8C7B-45C9FA33672B}.Release|Any CPU.Build.0 = Release|Any CPU
	EndGlobalSection
	GlobalSection(SolutionProperties) = preSolution
		HideSolutionNode = FALSE
	EndGlobalSection
	GlobalSection(ExtensibilityGlobals) = postSolution
		SolutionGuid = {E4D9E883-F1BE-49D8-B103-FF8A9180D504}
	EndGlobalSection
EndGlobal
